{
  "name": "tightship-dashboard",
  "version": "1.0.0",
  "lockfileVersion": 1,
  "requires": true,
  "dependencies": {
    "d3-color": {
      "version": "3.0.1",
      "resolved": "https://registry.npmjs.org/d3-color/-/d3-color-3.0.1.tgz",
      "integrity": "sha512-6/SlHkDOBLyQSJ1j1Ghs82OIUXpKWlR0hCsw0XrLSQhuUPuCSmLQ1QPH98vpnQxMUQM2/gfAkUEWsupVpd9JGw=="
    },
    "d3-interpolate": {
      "version": "3.0.1",
      "resolved": "https://registry.npmjs.org/d3-interpolate/-/d3-interpolate-3.0.1.tgz",
      "integrity": "sha512-3bYs1rOD33uo8aqJfKP3JWPAibgw8Zm2+L9vBKEHJ2Rg+viTR7o5Mmv5mZcieN+FRYaAOWX5SJATX6k1PWz72g==",
      "requires": {
        "d3-color": "1 - 3"
      }
    },
    "d3-scale-chromatic": {
      "version": "3.0.0",
      "requires": {
        "d3-color": "1 - 3",
        "d3-interpolate": "1 - 3"
      }
    },
    "react-driftjs": {
      "version": "1.2.2",
      "resolved": "https://registry.npmjs.org/react-driftjs/-/react-driftjs-1.2.2.tgz",
      "integrity": "sha512-rQKRVJ5JaI4bTSHoDpvDORyUnWpLr/EZoeZLbdm2J5oqcdCbnOT+iKZJkzYskQXU4sg4X9XppdDfQ7Z/o0pErw=="
    }
  }
}
